
Microsoft Visual Studio Solution File, Format Version 12.00
# Visual Studio Version 17
VisualStudioVersion = 17.13.35931.197
MinimumVisualStudioVersion = 10.0.40219.1
Project("{FAE04EC0-301F-11D3-BF4B-00C04F79EFBC}") = "Public", "src\Public\Public.csproj", "{F5647C70-4165-482C-8C90-708CCA388A17}"
EndProject
Project("{FAE04EC0-301F-11D3-BF4B-00C04F79EFBC}") = "CMS", "src\CMS\CMS.csproj", "{06BDFAB9-0898-4603-B5F0-253C88FDCCFF}"
EndProject
Project("{2150E333-8FDC-42A3-9474-1A3956D46DE8}") = "src", "src", "{02EA681E-C7D8-13C7-8484-4AC65E1B71E8}"
EndProject
Project("{2150E333-8FDC-42A3-9474-1A3956D46DE8}") = "tests", "tests", "{0D1CCD8C-16C6-4C41-9C22-D0D3C5A29698}"
EndProject
Project("{FAE04EC0-301F-11D3-BF4B-00C04F79EFBC}") = "Core.Application", "src\Core.Application\Core.Application.csproj", "{34A03A37-B98C-4C2A-A1C9-9E075F250842}"
EndProject
Project("{FAE04EC0-301F-11D3-BF4B-00C04F79EFBC}") = "Core.Domain", "src\Core.Domain\Core.Domain.csproj", "{3F33B6F8-B616-4C5C-A792-396F29B8D65C}"
EndProject
Project("{FAE04EC0-301F-11D3-BF4B-00C04F79EFBC}") = "Core.Domain.UnitTests", "tests\Core.Domain.UnitTests\Core.Domain.UnitTests.csproj", "{F031141F-04A6-4051-B9CD-3977E00114E0}"
EndProject
Project("{FAE04EC0-301F-11D3-BF4B-00C04F79EFBC}") = "Core.IntegrationTests", "tests\Core.IntegrationTests\Core.IntegrationTests.csproj", "{74E9AAA0-1A27-45D6-A5DD-18A952A54B98}"
EndProject
Project("{FAE04EC0-301F-11D3-BF4B-00C04F79EFBC}") = "Core.Infrastructure", "src\Core.Infrastructure\Core.Infrastructure.csproj", "{96F9090F-7FDB-446C-8C32-B93CC1209B2F}"
EndProject
Project("{FAE04EC0-301F-11D3-BF4B-00C04F79EFBC}") = "Core.Application.UnitTests", "tests\Core.Application.UnitTests\Core.Application.UnitTests.csproj", "{98D0879A-4C1C-4CD8-9F06-505F09CB02F1}"
EndProject
Project("{FAE04EC0-301F-11D3-BF4B-00C04F79EFBC}") = "CMS.SmokeTests", "tests\CMS.SmokeTests\CMS.SmokeTests.csproj", "{E3E8D99C-D5F8-4467-BFF7-06F6B9A6C6F4}"
EndProject
Project("{FAE04EC0-301F-11D3-BF4B-00C04F79EFBC}") = "Public.SmokeTests", "tests\Public.SmokeTests\Public.SmokeTests.csproj", "{2B04AB88-6BBD-46C2-98DF-9A1AE782ABC1}"
EndProject
Project("{2150E333-8FDC-42A3-9474-1A3956D46DE8}") = "database", "database", "{75EC31C6-6883-40B2-9B7D-B31865781312}"
EndProject
Project("{FAE04EC0-301F-11D3-BF4B-00C04F79EFBC}") = "DatabaseMigrator", "database\DatabaseMigrator\DatabaseMigrator.csproj", "{D80951A5-E7F3-42A5-B000-69B35254C4E4}"
EndProject
Project("{FAE04EC0-301F-11D3-BF4B-00C04F79EFBC}") = "Presentation.Shared", "src\Presentation.Shared\Presentation.Shared.csproj", "{3E4BE61C-935D-4757-B863-F6EBDF8DAAB4}"
EndProject
Project("{FAE04EC0-301F-11D3-BF4B-00C04F79EFBC}") = "Presentation.Shared.UnitTests", "tests\Presentation.Shared.UnitTests\Presentation.Shared.UnitTests.csproj", "{272042FE-B029-49F3-A1BC-5391A1CD13C2}"
EndProject
Project("{FAE04EC0-301F-11D3-BF4B-00C04F79EFBC}") = "Public.FrontendIntegrationTests", "tests\Public.FrontendIntegrationTests\Public.FrontendIntegrationTests.csproj", "{BC4DEA45-18B4-8589-BA07-BC7FEECA8BDE}"
EndProject
Project("{FAE04EC0-301F-11D3-BF4B-00C04F79EFBC}") = "CMS.FrontendIntegrationTests", "tests\CMS.FrontendIntegrationTests\CMS.FrontendIntegrationTests.csproj", "{A1B4A18E-AF21-4725-9799-CFD54FCDDD61}"
EndProject
Global
	GlobalSection(SolutionConfigurationPlatforms) = preSolution
		Debug|Any CPU = Debug|Any CPU
		Release|Any CPU = Release|Any CPU
	EndGlobalSection
	GlobalSection(ProjectConfigurationPlatforms) = postSolution
		{F5647C70-4165-482C-8C90-708CCA388A17}.Debug|Any CPU.ActiveCfg = Debug|Any CPU
		{F5647C70-4165-482C-8C90-708CCA388A17}.Debug|Any CPU.Build.0 = Debug|Any CPU
		{F5647C70-4165-482C-8C90-708CCA388A17}.Release|Any CPU.ActiveCfg = Release|Any CPU
		{F5647C70-4165-482C-8C90-708CCA388A17}.Release|Any CPU.Build.0 = Release|Any CPU
		{06BDFAB9-0898-4603-B5F0-253C88FDCCFF}.Debug|Any CPU.ActiveCfg = Debug|Any CPU
		{06BDFAB9-0898-4603-B5F0-253C88FDCCFF}.Debug|Any CPU.Build.0 = Debug|Any CPU
		{06BDFAB9-0898-4603-B5F0-253C88FDCCFF}.Release|Any CPU.ActiveCfg = Release|Any CPU
		{06BDFAB9-0898-4603-B5F0-253C88FDCCFF}.Release|Any CPU.Build.0 = Release|Any CPU
		{34A03A37-B98C-4C2A-A1C9-9E075F250842}.Debug|Any CPU.ActiveCfg = Debug|Any CPU
		{34A03A37-B98C-4C2A-A1C9-9E075F250842}.Debug|Any CPU.Build.0 = Debug|Any CPU
		{34A03A37-B98C-4C2A-A1C9-9E075F250842}.Release|Any CPU.ActiveCfg = Release|Any CPU
		{34A03A37-B98C-4C2A-A1C9-9E075F250842}.Release|Any CPU.Build.0 = Release|Any CPU
		{3F33B6F8-B616-4C5C-A792-396F29B8D65C}.Debug|Any CPU.ActiveCfg = Debug|Any CPU
		{3F33B6F8-B616-4C5C-A792-396F29B8D65C}.Debug|Any CPU.Build.0 = Debug|Any CPU
		{3F33B6F8-B616-4C5C-A792-396F29B8D65C}.Release|Any CPU.ActiveCfg = Release|Any CPU
		{3F33B6F8-B616-4C5C-A792-396F29B8D65C}.Release|Any CPU.Build.0 = Release|Any CPU
		{F031141F-04A6-4051-B9CD-3977E00114E0}.Debug|Any CPU.ActiveCfg = Debug|Any CPU
		{F031141F-04A6-4051-B9CD-3977E00114E0}.Debug|Any CPU.Build.0 = Debug|Any CPU
		{F031141F-04A6-4051-B9CD-3977E00114E0}.Release|Any CPU.ActiveCfg = Release|Any CPU
		{F031141F-04A6-4051-B9CD-3977E00114E0}.Release|Any CPU.Build.0 = Release|Any CPU
		{74E9AAA0-1A27-45D6-A5DD-18A952A54B98}.Debug|Any CPU.ActiveCfg = Debug|Any CPU
		{74E9AAA0-1A27-45D6-A5DD-18A952A54B98}.Debug|Any CPU.Build.0 = Debug|Any CPU
		{74E9AAA0-1A27-45D6-A5DD-18A952A54B98}.Release|Any CPU.ActiveCfg = Release|Any CPU
		{74E9AAA0-1A27-45D6-A5DD-18A952A54B98}.Release|Any CPU.Build.0 = Release|Any CPU
		{96F9090F-7FDB-446C-8C32-B93CC1209B2F}.Debug|Any CPU.ActiveCfg = Debug|Any CPU
		{96F9090F-7FDB-446C-8C32-B93CC1209B2F}.Debug|Any CPU.Build.0 = Debug|Any CPU
		{96F9090F-7FDB-446C-8C32-B93CC1209B2F}.Release|Any CPU.ActiveCfg = Release|Any CPU
		{96F9090F-7FDB-446C-8C32-B93CC1209B2F}.Release|Any CPU.Build.0 = Release|Any CPU
		{98D0879A-4C1C-4CD8-9F06-505F09CB02F1}.Debug|Any CPU.ActiveCfg = Debug|Any CPU
		{98D0879A-4C1C-4CD8-9F06-505F09CB02F1}.Debug|Any CPU.Build.0 = Debug|Any CPU
		{98D0879A-4C1C-4CD8-9F06-505F09CB02F1}.Release|Any CPU.ActiveCfg = Release|Any CPU
		{98D0879A-4C1C-4CD8-9F06-505F09CB02F1}.Release|Any CPU.Build.0 = Release|Any CPU
		{E3E8D99C-D5F8-4467-BFF7-06F6B9A6C6F4}.Debug|Any CPU.ActiveCfg = Debug|Any CPU
		{E3E8D99C-D5F8-4467-BFF7-06F6B9A6C6F4}.Debug|Any CPU.Build.0 = Debug|Any CPU
		{E3E8D99C-D5F8-4467-BFF7-06F6B9A6C6F4}.Release|Any CPU.ActiveCfg = Release|Any CPU
		{E3E8D99C-D5F8-4467-BFF7-06F6B9A6C6F4}.Release|Any CPU.Build.0 = Release|Any CPU
		{2B04AB88-6BBD-46C2-98DF-9A1AE782ABC1}.Debug|Any CPU.ActiveCfg = Debug|Any CPU
		{2B04AB88-6BBD-46C2-98DF-9A1AE782ABC1}.Debug|Any CPU.Build.0 = Debug|Any CPU
		{2B04AB88-6BBD-46C2-98DF-9A1AE782ABC1}.Release|Any CPU.ActiveCfg = Release|Any CPU
		{2B04AB88-6BBD-46C2-98DF-9A1AE782ABC1}.Release|Any CPU.Build.0 = Release|Any CPU
		{D80951A5-E7F3-42A5-B000-69B35254C4E4}.Debug|Any CPU.ActiveCfg = Debug|Any CPU
		{D80951A5-E7F3-42A5-B000-69B35254C4E4}.Debug|Any CPU.Build.0 = Debug|Any CPU
		{D80951A5-E7F3-42A5-B000-69B35254C4E4}.Release|Any CPU.ActiveCfg = Release|Any CPU
		{D80951A5-E7F3-42A5-B000-69B35254C4E4}.Release|Any CPU.Build.0 = Release|Any CPU
		{3E4BE61C-935D-4757-B863-F6EBDF8DAAB4}.Debug|Any CPU.ActiveCfg = Debug|Any CPU
		{3E4BE61C-935D-4757-B863-F6EBDF8DAAB4}.Debug|Any CPU.Build.0 = Debug|Any CPU
		{3E4BE61C-935D-4757-B863-F6EBDF8DAAB4}.Release|Any CPU.ActiveCfg = Release|Any CPU
		{3E4BE61C-935D-4757-B863-F6EBDF8DAAB4}.Release|Any CPU.Build.0 = Release|Any CPU
		{272042FE-B029-49F3-A1BC-5391A1CD13C2}.Debug|Any CPU.ActiveCfg = Debug|Any CPU
		{272042FE-B029-49F3-A1BC-5391A1CD13C2}.Debug|Any CPU.Build.0 = Debug|Any CPU
		{272042FE-B029-49F3-A1BC-5391A1CD13C2}.Release|Any CPU.ActiveCfg = Release|Any CPU
		{272042FE-B029-49F3-A1BC-5391A1CD13C2}.Release|Any CPU.Build.0 = Release|Any CPU
		{BC4DEA45-18B4-8589-BA07-BC7FEECA8BDE}.Debug|Any CPU.ActiveCfg = Debug|Any CPU
		{BC4DEA45-18B4-8589-BA07-BC7FEECA8BDE}.Debug|Any CPU.Build.0 = Debug|Any CPU
		{BC4DEA45-18B4-8589-BA07-BC7FEECA8BDE}.Release|Any CPU.ActiveCfg = Release|Any CPU
		{BC4DEA45-18B4-8589-BA07-BC7FEECA8BDE}.Release|Any CPU.Build.0 = Release|Any CPU
		{A1B4A18E-AF21-4725-9799-CFD54FCDDD61}.Debug|Any CPU.ActiveCfg = Debug|Any CPU
		{A1B4A18E-AF21-4725-9799-CFD54FCDDD61}.Debug|Any CPU.Build.0 = Debug|Any CPU
		{A1B4A18E-AF21-4725-9799-CFD54FCDDD61}.Release|Any CPU.ActiveCfg = Release|Any CPU
		{A1B4A18E-AF21-4725-9799-CFD54FCDDD61}.Release|Any CPU.Build.0 = Release|Any CPU
	EndGlobalSection
	GlobalSection(SolutionProperties) = preSolution
		HideSolutionNode = FALSE
	EndGlobalSection
	GlobalSection(NestedProjects) = preSolution
		{F5647C70-4165-482C-8C90-708CCA388A17} = {02EA681E-C7D8-13C7-8484-4AC65E1B71E8}
		{06BDFAB9-0898-4603-B5F0-253C88FDCCFF} = {02EA681E-C7D8-13C7-8484-4AC65E1B71E8}
		{34A03A37-B98C-4C2A-A1C9-9E075F250842} = {02EA681E-C7D8-13C7-8484-4AC65E1B71E8}
		{3F33B6F8-B616-4C5C-A792-396F29B8D65C} = {02EA681E-C7D8-13C7-8484-4AC65E1B71E8}
		{F031141F-04A6-4051-B9CD-3977E00114E0} = {0D1CCD8C-16C6-4C41-9C22-D0D3C5A29698}
		{74E9AAA0-1A27-45D6-A5DD-18A952A54B98} = {0D1CCD8C-16C6-4C41-9C22-D0D3C5A29698}
		{96F9090F-7FDB-446C-8C32-B93CC1209B2F} = {02EA681E-C7D8-13C7-8484-4AC65E1B71E8}
		{98D0879A-4C1C-4CD8-9F06-505F09CB02F1} = {0D1CCD8C-16C6-4C41-9C22-D0D3C5A29698}
		{E3E8D99C-D5F8-4467-BFF7-06F6B9A6C6F4} = {0D1CCD8C-16C6-4C41-9C22-D0D3C5A29698}
		{2B04AB88-6BBD-46C2-98DF-9A1AE782ABC1} = {0D1CCD8C-16C6-4C41-9C22-D0D3C5A29698}
		{D80951A5-E7F3-42A5-B000-69B35254C4E4} = {75EC31C6-6883-40B2-9B7D-B31865781312}
		{3E4BE61C-935D-4757-B863-F6EBDF8DAAB4} = {02EA681E-C7D8-13C7-8484-4AC65E1B71E8}
		{272042FE-B029-49F3-A1BC-5391A1CD13C2} = {0D1CCD8C-16C6-4C41-9C22-D0D3C5A29698}
		{BC4DEA45-18B4-8589-BA07-BC7FEECA8BDE} = {0D1CCD8C-16C6-4C41-9C22-D0D3C5A29698}
		{A1B4A18E-AF21-4725-9799-CFD54FCDDD61} = {0D1CCD8C-16C6-4C41-9C22-D0D3C5A29698}
	EndGlobalSection
	GlobalSection(ExtensibilityGlobals) = postSolution
		SolutionGuid = {34C3F124-280F-4113-AC8D-B0C2D4C7A017}
	EndGlobalSection
EndGlobal
